// !$*UTF8*$!
{
	archiveVersion = 1;
	classes = {
	};
	objectVersion = 56;
	objects = {

/* Begin PBXBuildFile section */
		63EFB6102907C0B6001BEEC4 /* AppDelegate.swift in Sources */ = {isa = PBXBuildFile; fileRef = 63EFB60F2907C0B6001BEEC4 /* AppDelegate.swift */; };
		63EFB6122907C0B6001BEEC4 /* SceneDelegate.swift in Sources */ = {isa = PBXBuildFile; fileRef = 63EFB6112907C0B6001BEEC4 /* SceneDelegate.swift */; };
		63EFB6142907C0B6001BEEC4 /* ViewController.swift in Sources */ = {isa = PBXBuildFile; fileRef = 63EFB6132907C0B6001BEEC4 /* ViewController.swift */; };
		63EFB6352907E1A3001BEEC4 /* LocationDevice.m in Sources */ = {isa = PBXBuildFile; fileRef = 63EFB6242907E1A3001BEEC4 /* LocationDevice.m */; };
		63EFB6362907E1A3001BEEC4 /* TerminalView.m in Sources */ = {isa = PBXBuildFile; fileRef = 63EFB6262907E1A3001BEEC4 /* TerminalView.m */; };
		63EFB6372907E1A3001BEEC4 /* DelayedUITask.m in Sources */ = {isa = PBXBuildFile; fileRef = 63EFB6282907E1A3001BEEC4 /* DelayedUITask.m */; };
		63EFB6392907E1A3001BEEC4 /* fakefs.c in Sources */ = {isa = PBXBuildFile; fileRef = 63EFB62D2907E1A3001BEEC4 /* fakefs.c */; };
		63EFB63B2907E1A3001BEEC4 /* Terminal.m in Sources */ = {isa = PBXBuildFile; fileRef = 63EFB6312907E1A3001BEEC4 /* Terminal.m */; };
		63EFB63C2907E1A3001BEEC4 /* ScrollbarView.m in Sources */ = {isa = PBXBuildFile; fileRef = 63EFB6332907E1A3001BEEC4 /* ScrollbarView.m */; };
		63EFB63D2907E1A3001BEEC4 /* PasteboardDevice.m in Sources */ = {isa = PBXBuildFile; fileRef = 63EFB6342907E1A3001BEEC4 /* PasteboardDevice.m */; };
		63EFB6422907E7F9001BEEC4 /* Roots.m in Sources */ = {isa = PBXBuildFile; fileRef = 63EFB6402907E7F9001BEEC4 /* Roots.m */; };
		63EFB6482907ED2E001BEEC4 /* libish_emu.a in Frameworks */ = {isa = PBXBuildFile; fileRef = 63EFB6442907ED2E001BEEC4 /* libish_emu.a */; };
		63EFB6492907ED2E001BEEC4 /* libarchive.a in Frameworks */ = {isa = PBXBuildFile; fileRef = 63EFB6452907ED2E001BEEC4 /* libarchive.a */; };
		63EFB64A2907ED2E001BEEC4 /* libfakefs.a in Frameworks */ = {isa = PBXBuildFile; fileRef = 63EFB6462907ED2E001BEEC4 /* libfakefs.a */; };
		63EFB64B2907ED2E001BEEC4 /* libish.a in Frameworks */ = {isa = PBXBuildFile; fileRef = 63EFB6472907ED2E001BEEC4 /* libish.a */; };
		63EFB64D2907EDAF001BEEC4 /* libiconv.tbd in Frameworks */ = {isa = PBXBuildFile; fileRef = 63EFB64C2907EDAF001BEEC4 /* libiconv.tbd */; };
		63EFB6502907EF80001BEEC4 /* MyUtility.m in Sources */ = {isa = PBXBuildFile; fileRef = 63EFB64F2907EF80001BEEC4 /* MyUtility.m */; };
		63EFB6522907F16E001BEEC4 /* libresolv.tbd in Frameworks */ = {isa = PBXBuildFile; fileRef = 63EFB6512907F16E001BEEC4 /* libresolv.tbd */; };
		63EFB6542907F20C001BEEC4 /* libbz2.tbd in Frameworks */ = {isa = PBXBuildFile; fileRef = 63EFB6532907F20C001BEEC4 /* libbz2.tbd */; };
		63EFB6562907F23C001BEEC4 /* CoreLocation.framework in Frameworks */ = {isa = PBXBuildFile; fileRef = 63EFB6552907F23C001BEEC4 /* CoreLocation.framework */; };
		63EFB6582907F245001BEEC4 /* SystemConfiguration.framework in Frameworks */ = {isa = PBXBuildFile; fileRef = 63EFB6572907F245001BEEC4 /* SystemConfiguration.framework */; };
		63EFB65B2907F3DD001BEEC4 /* CurrentRoot.m in Sources */ = {isa = PBXBuildFile; fileRef = 63EFB6592907F3DD001BEEC4 /* CurrentRoot.m */; };
/* End PBXBuildFile section */

/* Begin PBXFileReference section */
		63EFB60C2907C0B6001BEEC4 /* mysh.app */ = {isa = PBXFileReference; explicitFileType = wrapper.application; includeInIndex = 0; path = mysh.app; sourceTree = BUILT_PRODUCTS_DIR; };
		63EFB60F2907C0B6001BEEC4 /* AppDelegate.swift */ = {isa = PBXFileReference; lastKnownFileType = sourcecode.swift; path = AppDelegate.swift; sourceTree = "<group>"; };
		63EFB6112907C0B6001BEEC4 /* SceneDelegate.swift */ = {isa = PBXFileReference; lastKnownFileType = sourcecode.swift; path = SceneDelegate.swift; sourceTree = "<group>"; };
		63EFB6132907C0B6001BEEC4 /* ViewController.swift */ = {isa = PBXFileReference; lastKnownFileType = sourcecode.swift; path = ViewController.swift; sourceTree = "<group>"; };
		63EFB61D2907C0B8001BEEC4 /* Info.plist */ = {isa = PBXFileReference; lastKnownFileType = text.plist.xml; path = Info.plist; sourceTree = "<group>"; };
		63EFB6232907E1A2001BEEC4 /* mysh-Bridging-Header.h */ = {isa = PBXFileReference; lastKnownFileType = sourcecode.c.h; path = "mysh-Bridging-Header.h"; sourceTree = "<group>"; };
		63EFB6242907E1A3001BEEC4 /* LocationDevice.m */ = {isa = PBXFileReference; fileEncoding = 4; lastKnownFileType = sourcecode.c.objc; path = LocationDevice.m; sourceTree = "<group>"; };
		63EFB6252907E1A3001BEEC4 /* Terminal.h */ = {isa = PBXFileReference; fileEncoding = 4; lastKnownFileType = sourcecode.c.h; path = Terminal.h; sourceTree = "<group>"; };
		63EFB6262907E1A3001BEEC4 /* TerminalView.m */ = {isa = PBXFileReference; fileEncoding = 4; lastKnownFileType = sourcecode.c.objc; path = TerminalView.m; sourceTree = "<group>"; };
		63EFB6282907E1A3001BEEC4 /* DelayedUITask.m */ = {isa = PBXFileReference; fileEncoding = 4; lastKnownFileType = sourcecode.c.objc; path = DelayedUITask.m; sourceTree = "<group>"; };
		63EFB62A2907E1A3001BEEC4 /* PasteboardDevice.h */ = {isa = PBXFileReference; fileEncoding = 4; lastKnownFileType = sourcecode.c.h; path = PasteboardDevice.h; sourceTree = "<group>"; };
		63EFB62B2907E1A3001BEEC4 /* LocationDevice.h */ = {isa = PBXFileReference; fileEncoding = 4; lastKnownFileType = sourcecode.c.h; path = LocationDevice.h; sourceTree = "<group>"; };
		63EFB62D2907E1A3001BEEC4 /* fakefs.c */ = {isa = PBXFileReference; fileEncoding = 4; lastKnownFileType = sourcecode.c.c; path = fakefs.c; sourceTree = "<group>"; };
		63EFB62E2907E1A3001BEEC4 /* DelayedUITask.h */ = {isa = PBXFileReference; fileEncoding = 4; lastKnownFileType = sourcecode.c.h; path = DelayedUITask.h; sourceTree = "<group>"; };
		63EFB62F2907E1A3001BEEC4 /* ScrollbarView.h */ = {isa = PBXFileReference; fileEncoding = 4; lastKnownFileType = sourcecode.c.h; path = ScrollbarView.h; sourceTree = "<group>"; };
		63EFB6312907E1A3001BEEC4 /* Terminal.m */ = {isa = PBXFileReference; fileEncoding = 4; lastKnownFileType = sourcecode.c.objc; path = Terminal.m; sourceTree = "<group>"; };
		63EFB6322907E1A3001BEEC4 /* TerminalView.h */ = {isa = PBXFileReference; fileEncoding = 4; lastKnownFileType = sourcecode.c.h; path = TerminalView.h; sourceTree = "<group>"; };
		63EFB6332907E1A3001BEEC4 /* ScrollbarView.m */ = {isa = PBXFileReference; fileEncoding = 4; lastKnownFileType = sourcecode.c.objc; path = ScrollbarView.m; sourceTree = "<group>"; };
		63EFB6342907E1A3001BEEC4 /* PasteboardDevice.m */ = {isa = PBXFileReference; fileEncoding = 4; lastKnownFileType = sourcecode.c.objc; path = PasteboardDevice.m; sourceTree = "<group>"; };
		63EFB6402907E7F9001BEEC4 /* Roots.m */ = {isa = PBXFileReference; fileEncoding = 4; lastKnownFileType = sourcecode.c.objc; path = Roots.m; sourceTree = "<group>"; };
		63EFB6412907E7F9001BEEC4 /* Roots.h */ = {isa = PBXFileReference; fileEncoding = 4; lastKnownFileType = sourcecode.c.h; path = Roots.h; sourceTree = "<group>"; };
		63EFB6442907ED2E001BEEC4 /* libish_emu.a */ = {isa = PBXFileReference; lastKnownFileType = archive.ar; name = libish_emu.a; path = myresource/libish_emu.a; sourceTree = "<group>"; };
		63EFB6452907ED2E001BEEC4 /* libarchive.a */ = {isa = PBXFileReference; lastKnownFileType = archive.ar; name = libarchive.a; path = myresource/libarchive.a; sourceTree = "<group>"; };
		63EFB6462907ED2E001BEEC4 /* libfakefs.a */ = {isa = PBXFileReference; lastKnownFileType = archive.ar; name = libfakefs.a; path = myresource/libfakefs.a; sourceTree = "<group>"; };
		63EFB6472907ED2E001BEEC4 /* libish.a */ = {isa = PBXFileReference; lastKnownFileType = archive.ar; name = libish.a; path = myresource/libish.a; sourceTree = "<group>"; };
		63EFB64C2907EDAF001BEEC4 /* libiconv.tbd */ = {isa = PBXFileReference; lastKnownFileType = "sourcecode.text-based-dylib-definition"; name = libiconv.tbd; path = usr/lib/libiconv.tbd; sourceTree = SDKROOT; };
		63EFB64E2907EF80001BEEC4 /* MyUtility.h */ = {isa = PBXFileReference; lastKnownFileType = sourcecode.c.h; path = MyUtility.h; sourceTree = "<group>"; };
		63EFB64F2907EF80001BEEC4 /* MyUtility.m */ = {isa = PBXFileReference; lastKnownFileType = sourcecode.c.objc; path = MyUtility.m; sourceTree = "<group>"; };
		63EFB6512907F16E001BEEC4 /* libresolv.tbd */ = {isa = PBXFileReference; lastKnownFileType = "sourcecode.text-based-dylib-definition"; name = libresolv.tbd; path = usr/lib/libresolv.tbd; sourceTree = SDKROOT; };
		63EFB6532907F20C001BEEC4 /* libbz2.tbd */ = {isa = PBXFileReference; lastKnownFileType = "sourcecode.text-based-dylib-definition"; name = libbz2.tbd; path = usr/lib/libbz2.tbd; sourceTree = SDKROOT; };
		63EFB6552907F23C001BEEC4 /* CoreLocation.framework */ = {isa = PBXFileReference; lastKnownFileType = wrapper.framework; name = CoreLocation.framework; path = System/Library/Frameworks/CoreLocation.framework; sourceTree = SDKROOT; };
		63EFB6572907F245001BEEC4 /* SystemConfiguration.framework */ = {isa = PBXFileReference; lastKnownFileType = wrapper.framework; name = SystemConfiguration.framework; path = System/Library/Frameworks/SystemConfiguration.framework; sourceTree = SDKROOT; };
		63EFB6592907F3DD001BEEC4 /* CurrentRoot.m */ = {isa = PBXFileReference; fileEncoding = 4; lastKnownFileType = sourcecode.c.objc; path = CurrentRoot.m; sourceTree = "<group>"; };
		63EFB65A2907F3DD001BEEC4 /* CurrentRoot.h */ = {isa = PBXFileReference; fileEncoding = 4; lastKnownFileType = sourcecode.c.h; path = CurrentRoot.h; sourceTree = "<group>"; };
/* End PBXFileReference section */

/* Begin PBXFrameworksBuildPhase section */
		63EFB6092907C0B6001BEEC4 /* Frameworks */ = {
			isa = PBXFrameworksBuildPhase;
			buildActionMask = 2147483647;
			files = (
				63EFB6582907F245001BEEC4 /* SystemConfiguration.framework in Frameworks */,
				63EFB6562907F23C001BEEC4 /* CoreLocation.framework in Frameworks */,
				63EFB6542907F20C001BEEC4 /* libbz2.tbd in Frameworks */,
				63EFB6522907F16E001BEEC4 /* libresolv.tbd in Frameworks */,
				63EFB64D2907EDAF001BEEC4 /* libiconv.tbd in Frameworks */,
				63EFB6482907ED2E001BEEC4 /* libish_emu.a in Frameworks */,
				63EFB6492907ED2E001BEEC4 /* libarchive.a in Frameworks */,
				63EFB64A2907ED2E001BEEC4 /* libfakefs.a in Frameworks */,
				63EFB64B2907ED2E001BEEC4 /* libish.a in Frameworks */,
			);
			runOnlyForDeploymentPostprocessing = 0;
		};
/* End PBXFrameworksBuildPhase section */

/* Begin PBXGroup section */
		63EFB6032907C0B6001BEEC4 = {
			isa = PBXGroup;
			children = (
				63EFB60E2907C0B6001BEEC4 /* mysh */,
				63EFB60D2907C0B6001BEEC4 /* Products */,
				63EFB6432907ED2E001BEEC4 /* Frameworks */,
			);
			sourceTree = "<group>";
		};
		63EFB60D2907C0B6001BEEC4 /* Products */ = {
			isa = PBXGroup;
			children = (
				63EFB60C2907C0B6001BEEC4 /* mysh.app */,
			);
			name = Products;
			sourceTree = "<group>";
		};
		63EFB60E2907C0B6001BEEC4 /* mysh */ = {
			isa = PBXGroup;
			children = (
				63EFB60F2907C0B6001BEEC4 /* AppDelegate.swift */,
				63EFB6112907C0B6001BEEC4 /* SceneDelegate.swift */,
				63EFB6132907C0B6001BEEC4 /* ViewController.swift */,
				63EFB64E2907EF80001BEEC4 /* MyUtility.h */,
				63EFB64F2907EF80001BEEC4 /* MyUtility.m */,
				63EFB61D2907C0B8001BEEC4 /* Info.plist */,
				63EFB62E2907E1A3001BEEC4 /* DelayedUITask.h */,
				63EFB6282907E1A3001BEEC4 /* DelayedUITask.m */,
				63EFB62D2907E1A3001BEEC4 /* fakefs.c */,
				63EFB65A2907F3DD001BEEC4 /* CurrentRoot.h */,
				63EFB6592907F3DD001BEEC4 /* CurrentRoot.m */,
				63EFB6412907E7F9001BEEC4 /* Roots.h */,
				63EFB6402907E7F9001BEEC4 /* Roots.m */,
				63EFB62B2907E1A3001BEEC4 /* LocationDevice.h */,
				63EFB6242907E1A3001BEEC4 /* LocationDevice.m */,
				63EFB62A2907E1A3001BEEC4 /* PasteboardDevice.h */,
				63EFB6342907E1A3001BEEC4 /* PasteboardDevice.m */,
				63EFB62F2907E1A3001BEEC4 /* ScrollbarView.h */,
				63EFB6332907E1A3001BEEC4 /* ScrollbarView.m */,
				63EFB6252907E1A3001BEEC4 /* Terminal.h */,
				63EFB6312907E1A3001BEEC4 /* Terminal.m */,
				63EFB6322907E1A3001BEEC4 /* TerminalView.h */,
				63EFB6262907E1A3001BEEC4 /* TerminalView.m */,
				63EFB6232907E1A2001BEEC4 /* mysh-Bridging-Header.h */,
			);
			path = mysh;
			sourceTree = "<group>";
		};
		63EFB6432907ED2E001BEEC4 /* Frameworks */ = {
			isa = PBXGroup;
			children = (
				63EFB6572907F245001BEEC4 /* SystemConfiguration.framework */,
				63EFB6552907F23C001BEEC4 /* CoreLocation.framework */,
				63EFB6532907F20C001BEEC4 /* libbz2.tbd */,
				63EFB6512907F16E001BEEC4 /* libresolv.tbd */,
				63EFB64C2907EDAF001BEEC4 /* libiconv.tbd */,
				63EFB6452907ED2E001BEEC4 /* libarchive.a */,
				63EFB6462907ED2E001BEEC4 /* libfakefs.a */,
				63EFB6442907ED2E001BEEC4 /* libish_emu.a */,
				63EFB6472907ED2E001BEEC4 /* libish.a */,
			);
			name = Frameworks;
			sourceTree = "<group>";
		};
/* End PBXGroup section */

/* Begin PBXNativeTarget section */
		63EFB60B2907C0B6001BEEC4 /* mysh */ = {
			isa = PBXNativeTarget;
			buildConfigurationList = 63EFB6202907C0B8001BEEC4 /* Build configuration list for PBXNativeTarget "mysh" */;
			buildPhases = (
				63EFB6082907C0B6001BEEC4 /* Sources */,
				63EFB6092907C0B6001BEEC4 /* Frameworks */,
				63EFB60A2907C0B6001BEEC4 /* Resources */,
			);
			buildRules = (
			);
			dependencies = (
			);
			name = mysh;
			productName = mysh;
			productReference = 63EFB60C2907C0B6001BEEC4 /* mysh.app */;
			productType = "com.apple.product-type.application";
		};
/* End PBXNativeTarget section */

/* Begin PBXProject section */
		63EFB6042907C0B6001BEEC4 /* Project object */ = {
			isa = PBXProject;
			attributes = {
				BuildIndependentTargetsInParallel = 1;
				LastSwiftUpdateCheck = 1400;
				LastUpgradeCheck = 1400;
				TargetAttributes = {
					63EFB60B2907C0B6001BEEC4 = {
						CreatedOnToolsVersion = 14.0.1;
						LastSwiftMigration = 1400;
					};
				};
			};
			buildConfigurationList = 63EFB6072907C0B6001BEEC4 /* Build configuration list for PBXProject "mysh" */;
			compatibilityVersion = "Xcode 14.0";
			developmentRegion = en;
			hasScannedForEncodings = 0;
			knownRegions = (
				en,
				Base,
			);
			mainGroup = 63EFB6032907C0B6001BEEC4;
			productRefGroup = 63EFB60D2907C0B6001BEEC4 /* Products */;
			projectDirPath = "";
			projectRoot = "";
			targets = (
				63EFB60B2907C0B6001BEEC4 /* mysh */,
			);
		};
/* End PBXProject section */

/* Begin PBXResourcesBuildPhase section */
		63EFB60A2907C0B6001BEEC4 /* Resources */ = {
			isa = PBXResourcesBuildPhase;
			buildActionMask = 2147483647;
			files = (
			);
			runOnlyForDeploymentPostprocessing = 0;
		};
/* End PBXResourcesBuildPhase section */

/* Begin PBXSourcesBuildPhase section */
		63EFB6082907C0B6001BEEC4 /* Sources */ = {
			isa = PBXSourcesBuildPhase;
			buildActionMask = 2147483647;
			files = (
				63EFB6352907E1A3001BEEC4 /* LocationDevice.m in Sources */,
				63EFB63D2907E1A3001BEEC4 /* PasteboardDevice.m in Sources */,
				63EFB6422907E7F9001BEEC4 /* Roots.m in Sources */,
				63EFB6392907E1A3001BEEC4 /* fakefs.c in Sources */,
				63EFB6362907E1A3001BEEC4 /* TerminalView.m in Sources */,
				63EFB65B2907F3DD001BEEC4 /* CurrentRoot.m in Sources */,
				63EFB6142907C0B6001BEEC4 /* ViewController.swift in Sources */,
				63EFB6372907E1A3001BEEC4 /* DelayedUITask.m in Sources */,
				63EFB63B2907E1A3001BEEC4 /* Terminal.m in Sources */,
				63EFB6502907EF80001BEEC4 /* MyUtility.m in Sources */,
				63EFB6102907C0B6001BEEC4 /* AppDelegate.swift in Sources */,
				63EFB63C2907E1A3001BEEC4 /* ScrollbarView.m in Sources */,
				63EFB6122907C0B6001BEEC4 /* SceneDelegate.swift in Sources */,
			);
			runOnlyForDeploymentPostprocessing = 0;
		};
/* End PBXSourcesBuildPhase section */

/* Begin XCBuildConfiguration section */
		63EFB61E2907C0B8001BEEC4 /* Debug */ = {
			isa = XCBuildConfiguration;
			buildSettings = {
				ALWAYS_SEARCH_USER_PATHS = NO;
				CLANG_ANALYZER_NONNULL = YES;
				CLANG_ANALYZER_NUMBER_OBJECT_CONVERSION = YES_AGGRESSIVE;
				CLANG_CXX_LANGUAGE_STANDARD = "gnu++20";
				CLANG_ENABLE_MODULES = YES;
				CLANG_ENABLE_OBJC_ARC = YES;
				CLANG_ENABLE_OBJC_WEAK = YES;
				CLANG_WARN_BLOCK_CAPTURE_AUTORELEASING = YES;
				CLANG_WARN_BOOL_CONVERSION = YES;
				CLANG_WARN_COMMA = YES;
				CLANG_WARN_CONSTANT_CONVERSION = YES;
				CLANG_WARN_DEPRECATED_OBJC_IMPLEMENTATIONS = YES;
				CLANG_WARN_DIRECT_OBJC_ISA_USAGE = YES_ERROR;
				CLANG_WARN_DOCUMENTATION_COMMENTS = YES;
				CLANG_WARN_EMPTY_BODY = YES;
				CLANG_WARN_ENUM_CONVERSION = YES;
				CLANG_WARN_INFINITE_RECURSION = YES;
				CLANG_WARN_INT_CONVERSION = YES;
				CLANG_WARN_NON_LITERAL_NULL_CONVERSION = YES;
				CLANG_WARN_OBJC_IMPLICIT_RETAIN_SELF = YES;
				CLANG_WARN_OBJC_LITERAL_CONVERSION = YES;
				CLANG_WARN_OBJC_ROOT_CLASS = YES_ERROR;
				CLANG_WARN_QUOTED_INCLUDE_IN_FRAMEWORK_HEADER = YES;
				CLANG_WARN_RANGE_LOOP_ANALYSIS = YES;
				CLANG_WARN_STRICT_PROTOTYPES = YES;
				CLANG_WARN_SUSPICIOUS_MOVE = YES;
				CLANG_WARN_UNGUARDED_AVAILABILITY = YES_AGGRESSIVE;
				CLANG_WARN_UNREACHABLE_CODE = YES;
				CLANG_WARN__DUPLICATE_METHOD_MATCH = YES;
				COPY_PHASE_STRIP = NO;
				DEBUG_INFORMATION_FORMAT = dwarf;
				ENABLE_STRICT_OBJC_MSGSEND = YES;
				ENABLE_TESTABILITY = YES;
				GCC_C_LANGUAGE_STANDARD = gnu11;
				GCC_DYNAMIC_NO_PIC = NO;
				GCC_NO_COMMON_BLOCKS = YES;
				GCC_OPTIMIZATION_LEVEL = 0;
				GCC_PREPROCESSOR_DEFINITIONS = (
					"DEBUG=1",
					"$(inherited)",
				);
				GCC_WARN_64_TO_32_BIT_CONVERSION = YES;
				GCC_WARN_ABOUT_RETURN_TYPE = YES_ERROR;
				GCC_WARN_UNDECLARED_SELECTOR = YES;
				GCC_WARN_UNINITIALIZED_AUTOS = YES_AGGRESSIVE;
				GCC_WARN_UNUSED_FUNCTION = YES;
				GCC_WARN_UNUSED_VARIABLE = YES;
				HEADER_SEARCH_PATHS = (
					"$(inherited)",
					"$(SRCROOT)",
					"$(SRCROOT)/mycode",
					"$(SRCROOT)/mycode/libarchive",
				);
				IPHONEOS_DEPLOYMENT_TARGET = 16.0;
				MTL_ENABLE_DEBUG_INFO = INCLUDE_SOURCE;
				MTL_FAST_MATH = YES;
				ONLY_ACTIVE_ARCH = YES;
				SDKROOT = iphoneos;
				SWIFT_ACTIVE_COMPILATION_CONDITIONS = DEBUG;
				SWIFT_OPTIMIZATION_LEVEL = "-Onone";
			};
			name = Debug;
		};
		63EFB61F2907C0B8001BEEC4 /* Release */ = {
			isa = XCBuildConfiguration;
			buildSettings = {
				ALWAYS_SEARCH_USER_PATHS = NO;
				CLANG_ANALYZER_NONNULL = YES;
				CLANG_ANALYZER_NUMBER_OBJECT_CONVERSION = YES_AGGRESSIVE;
				CLANG_CXX_LANGUAGE_STANDARD = "gnu++20";
				CLANG_ENABLE_MODULES = YES;
				CLANG_ENABLE_OBJC_ARC = YES;
				CLANG_ENABLE_OBJC_WEAK = YES;
				CLANG_WARN_BLOCK_CAPTURE_AUTORELEASING = YES;
				CLANG_WARN_BOOL_CONVERSION = YES;
				CLANG_WARN_COMMA = YES;
				CLANG_WARN_CONSTANT_CONVERSION = YES;
				CLANG_WARN_DEPRECATED_OBJC_IMPLEMENTATIONS = YES;
				CLANG_WARN_DIRECT_OBJC_ISA_USAGE = YES_ERROR;
				CLANG_WARN_DOCUMENTATION_COMMENTS = YES;
				CLANG_WARN_EMPTY_BODY = YES;
				CLANG_WARN_ENUM_CONVERSION = YES;
				CLANG_WARN_INFINITE_RECURSION = YES;
				CLANG_WARN_INT_CONVERSION = YES;
				CLANG_WARN_NON_LITERAL_NULL_CONVERSION = YES;
				CLANG_WARN_OBJC_IMPLICIT_RETAIN_SELF = YES;
				CLANG_WARN_OBJC_LITERAL_CONVERSION = YES;
				CLANG_WARN_OBJC_ROOT_CLASS = YES_ERROR;
				CLANG_WARN_QUOTED_INCLUDE_IN_FRAMEWORK_HEADER = YES;
				CLANG_WARN_RANGE_LOOP_ANALYSIS = YES;
				CLANG_WARN_STRICT_PROTOTYPES = YES;
				CLANG_WARN_SUSPICIOUS_MOVE = YES;
				CLANG_WARN_UNGUARDED_AVAILABILITY = YES_AGGRESSIVE;
				CLANG_WARN_UNREACHABLE_CODE = YES;
				CLANG_WARN__DUPLICATE_METHOD_MATCH = YES;
				COPY_PHASE_STRIP = NO;
				DEBUG_INFORMATION_FORMAT = "dwarf-with-dsym";
				ENABLE_NS_ASSERTIONS = NO;
				ENABLE_STRICT_OBJC_MSGSEND = YES;
				GCC_C_LANGUAGE_STANDARD = gnu11;
				GCC_NO_COMMON_BLOCKS = YES;
				GCC_WARN_64_TO_32_BIT_CONVERSION = YES;
				GCC_WARN_ABOUT_RETURN_TYPE = YES_ERROR;
				GCC_WARN_UNDECLARED_SELECTOR = YES;
				GCC_WARN_UNINITIALIZED_AUTOS = YES_AGGRESSIVE;
				GCC_WARN_UNUSED_FUNCTION = YES;
				GCC_WARN_UNUSED_VARIABLE = YES;
				HEADER_SEARCH_PATHS = (
					"$(inherited)",
					"$(SRCROOT)",
					"$(SRCROOT)/mycode",
					"$(SRCROOT)/mycode/libarchive",
				);
				IPHONEOS_DEPLOYMENT_TARGET = 16.0;
				MTL_ENABLE_DEBUG_INFO = NO;
				MTL_FAST_MATH = YES;
				SDKROOT = iphoneos;
				SWIFT_COMPILATION_MODE = wholemodule;
				SWIFT_OPTIMIZATION_LEVEL = "-O";
				VALIDATE_PRODUCT = YES;
			};
			name = Release;
		};
		63EFB6212907C0B8001BEEC4 /* Debug */ = {
			isa = XCBuildConfiguration;
			buildSettings = {
				ASSETCATALOG_COMPILER_APPICON_NAME = AppIcon;
				ASSETCATALOG_COMPILER_GLOBAL_ACCENT_COLOR_NAME = AccentColor;
				CLANG_ENABLE_MODULES = YES;
				CODE_SIGN_STYLE = Manual;
				CURRENT_PROJECT_VERSION = 1;
				DEVELOPMENT_TEAM = "";
				GENERATE_INFOPLIST_FILE = YES;
				INFOPLIST_FILE = mysh/Info.plist;
				INFOPLIST_KEY_UIApplicationSupportsIndirectInputEvents = YES;
				INFOPLIST_KEY_UISupportedInterfaceOrientations_iPad = "UIInterfaceOrientationPortrait UIInterfaceOrientationPortraitUpsideDown UIInterfaceOrientationLandscapeLeft UIInterfaceOrientationLandscapeRight";
				INFOPLIST_KEY_UISupportedInterfaceOrientations_iPhone = "UIInterfaceOrientationPortrait UIInterfaceOrientationLandscapeLeft UIInterfaceOrientationLandscapeRight";
				IPHONEOS_DEPLOYMENT_TARGET = 15.5;
				LD_RUNPATH_SEARCH_PATHS = (
					"$(inherited)",
					"@executable_path/Frameworks",
				);
				LIBRARY_SEARCH_PATHS = (
					"$(inherited)",
					"$(PROJECT_DIR)/myresource",
				);
				MARKETING_VERSION = 1.0;
				PRODUCT_BUNDLE_IDENTIFIER = com.gg.mysh;
				PRODUCT_NAME = "$(TARGET_NAME)";
				PROVISIONING_PROFILE_SPECIFIER = "";
				SWIFT_EMIT_LOC_STRINGS = YES;
				SWIFT_OBJC_BRIDGING_HEADER = "mysh/mysh-Bridging-Header.h";
				SWIFT_OPTIMIZATION_LEVEL = "-Onone";
				SWIFT_VERSION = 5.0;
				TARGETED_DEVICE_FAMILY = "1,2";
			};
			name = Debug;
		};
		63EFB6222907C0B8001BEEC4 /* Release */ = {
			isa = XCBuildConfiguration;
			buildSettings = {
				ASSETCATALOG_COMPILER_APPICON_NAME = AppIcon;
				ASSETCATALOG_COMPILER_GLOBAL_ACCENT_COLOR_NAME = AccentColor;
				CLANG_ENABLE_MODULES = YES;
				CODE_SIGN_STYLE = Manual;
				CURRENT_PROJECT_VERSION = 1;
				DEVELOPMENT_TEAM = "";
				GENERATE_INFOPLIST_FILE = YES;
				INFOPLIST_FILE = mysh/Info.plist;
				INFOPLIST_KEY_UIApplicationSupportsIndirectInputEvents = YES;
				INFOPLIST_KEY_UISupportedInterfaceOrientations_iPad = "UIInterfaceOrientationPortrait UIInterfaceOrientationPortraitUpsideDown UIInterfaceOrientationLandscapeLeft UIInterfaceOrientationLandscapeRight";
				INFOPLIST_KEY_UISupportedInterfaceOrientations_iPhone = "UIInterfaceOrientationPortrait UIInterfaceOrientationLandscapeLeft UIInterfaceOrientationLandscapeRight";
				IPHONEOS_DEPLOYMENT_TARGET = 15.5;
				LD_RUNPATH_SEARCH_PATHS = (
					"$(inherited)",
					"@executable_path/Frameworks",
				);
				LIBRARY_SEARCH_PATHS = (
					"$(inherited)",
					"$(PROJECT_DIR)/myresource",
				);
				MARKETING_VERSION = 1.0;
				PRODUCT_BUNDLE_IDENTIFIER = com.gg.mysh;
				PRODUCT_NAME = "$(TARGET_NAME)";
				PROVISIONING_PROFILE_SPECIFIER = "";
				SWIFT_EMIT_LOC_STRINGS = YES;
				SWIFT_OBJC_BRIDGING_HEADER = "mysh/mysh-Bridging-Header.h";
				SWIFT_VERSION = 5.0;
				TARGETED_DEVICE_FAMILY = "1,2";
			};
			name = Release;
		};
/* End XCBuildConfiguration section */

/* Begin XCConfigurationList section */
		63EFB6072907C0B6001BEEC4 /* Build configuration list for PBXProject "mysh" */ = {
			isa = XCConfigurationList;
			buildConfigurations = (
				63EFB61E2907C0B8001BEEC4 /* Debug */,
				63EFB61F2907C0B8001BEEC4 /* Release */,
			);
			defaultConfigurationIsVisible = 0;
			defaultConfigurationName = Release;
		};
		63EFB6202907C0B8001BEEC4 /* Build configuration list for PBXNativeTarget "mysh" */ = {
			isa = XCConfigurationList;
			buildConfigurations = (
				63EFB6212907C0B8001BEEC4 /* Debug */,
				63EFB6222907C0B8001BEEC4 /* Release */,
			);
			defaultConfigurationIsVisible = 0;
			defaultConfigurationName = Release;
		};
/* End XCConfigurationList section */
	};
	rootObject = 63EFB6042907C0B6001BEEC4 /* Project object */;
}
